// !$*UTF8*$!
{
	archiveVersion = 1;
	classes = {
	};
	objectVersion = 46;
	objects = {

/* Begin PBXBuildFile section */
		40161956189C54770089C1B9 /* RestaurantSearchMapViewController.m in Sources */ = {isa = PBXBuildFile; fileRef = 40161955189C54770089C1B9 /* RestaurantSearchMapViewController.m */; };
		4016195B189C84F10089C1B9 /* VenueResult.m in Sources */ = {isa = PBXBuildFile; fileRef = 4016195A189C84F10089C1B9 /* VenueResult.m */; };
		403DC6FD189A158F0023C197 /* Foundation.framework in Frameworks */ = {isa = PBXBuildFile; fileRef = 403DC6FC189A158F0023C197 /* Foundation.framework */; };
		403DC6FF189A158F0023C197 /* CoreGraphics.framework in Frameworks */ = {isa = PBXBuildFile; fileRef = 403DC6FE189A158F0023C197 /* CoreGraphics.framework */; };
		403DC701189A158F0023C197 /* UIKit.framework in Frameworks */ = {isa = PBXBuildFile; fileRef = 403DC700189A158F0023C197 /* UIKit.framework */; };
		403DC707189A158F0023C197 /* InfoPlist.strings in Resources */ = {isa = PBXBuildFile; fileRef = 403DC705189A158F0023C197 /* InfoPlist.strings */; };
		403DC709189A158F0023C197 /* main.m in Sources */ = {isa = PBXBuildFile; fileRef = 403DC708189A158F0023C197 /* main.m */; };
		403DC70D189A158F0023C197 /* RestuarantSearchAppDelegate.m in Sources */ = {isa = PBXBuildFile; fileRef = 403DC70C189A158F0023C197 /* RestuarantSearchAppDelegate.m */; };
		403DC710189A158F0023C197 /* Main.storyboard in Resources */ = {isa = PBXBuildFile; fileRef = 403DC70E189A158F0023C197 /* Main.storyboard */; };
		403DC718189A158F0023C197 /* Images.xcassets in Resources */ = {isa = PBXBuildFile; fileRef = 403DC717189A158F0023C197 /* Images.xcassets */; };
		403DC71F189A158F0023C197 /* XCTest.framework in Frameworks */ = {isa = PBXBuildFile; fileRef = 403DC71E189A158F0023C197 /* XCTest.framework */; };
		403DC720189A158F0023C197 /* Foundation.framework in Frameworks */ = {isa = PBXBuildFile; fileRef = 403DC6FC189A158F0023C197 /* Foundation.framework */; };
		403DC721189A158F0023C197 /* UIKit.framework in Frameworks */ = {isa = PBXBuildFile; fileRef = 403DC700189A158F0023C197 /* UIKit.framework */; };
		403DC729189A158F0023C197 /* InfoPlist.strings in Resources */ = {isa = PBXBuildFile; fileRef = 403DC727189A158F0023C197 /* InfoPlist.strings */; };
		403DC72B189A158F0023C197 /* RestuarantSearchTests.m in Sources */ = {isa = PBXBuildFile; fileRef = 403DC72A189A158F0023C197 /* RestuarantSearchTests.m */; };
		403DC735189A16160023C197 /* COMSMapManager.framework in Frameworks */ = {isa = PBXBuildFile; fileRef = 403DC734189A16160023C197 /* COMSMapManager.framework */; };
		403DC739189A19ED0023C197 /* CoreLocation.framework in Frameworks */ = {isa = PBXBuildFile; fileRef = 403DC738189A19ED0023C197 /* CoreLocation.framework */; };
		403DC73B189A1AE20023C197 /* MapKit.framework in Frameworks */ = {isa = PBXBuildFile; fileRef = 403DC73A189A1AE20023C197 /* MapKit.framework */; };
/* End PBXBuildFile section */

/* Begin PBXContainerItemProxy section */
		403DC722189A158F0023C197 /* PBXContainerItemProxy */ = {
			isa = PBXContainerItemProxy;
			containerPortal = 403DC6F1189A158F0023C197 /* Project object */;
			proxyType = 1;
			remoteGlobalIDString = 403DC6F8189A158F0023C197;
			remoteInfo = RestuarantSearch;
		};
/* End PBXContainerItemProxy section */

/* Begin PBXFileReference section */
		40161953189C543C0089C1B9 /* Constants.h */ = {isa = PBXFileReference; lastKnownFileType = sourcecode.c.h; path = Constants.h; sourceTree = "<group>"; };
		40161954189C54770089C1B9 /* RestaurantSearchMapViewController.h */ = {isa = PBXFileReference; fileEncoding = 4; lastKnownFileType = sourcecode.c.h; path = RestaurantSearchMapViewController.h; sourceTree = "<group>"; };
		40161955189C54770089C1B9 /* RestaurantSearchMapViewController.m */ = {isa = PBXFileReference; fileEncoding = 4; lastKnownFileType = sourcecode.c.objc; path = RestaurantSearchMapViewController.m; sourceTree = "<group>"; };
		40161959189C84F10089C1B9 /* VenueResult.h */ = {isa = PBXFileReference; fileEncoding = 4; lastKnownFileType = sourcecode.c.h; path = VenueResult.h; sourceTree = "<group>"; };
		4016195A189C84F10089C1B9 /* VenueResult.m */ = {isa = PBXFileReference; fileEncoding = 4; lastKnownFileType = sourcecode.c.objc; path = VenueResult.m; sourceTree = "<group>"; };
		403DC6F9189A158F0023C197 /* VenueMapSearch.app */ = {isa = PBXFileReference; explicitFileType = wrapper.application; includeInIndex = 0; path = VenueMapSearch.app; sourceTree = BUILT_PRODUCTS_DIR; };
		403DC6FC189A158F0023C197 /* Foundation.framework */ = {isa = PBXFileReference; lastKnownFileType = wrapper.framework; name = Foundation.framework; path = System/Library/Frameworks/Foundation.framework; sourceTree = SDKROOT; };
		403DC6FE189A158F0023C197 /* CoreGraphics.framework */ = {isa = PBXFileReference; lastKnownFileType = wrapper.framework; name = CoreGraphics.framework; path = System/Library/Frameworks/CoreGraphics.framework; sourceTree = SDKROOT; };
		403DC700189A158F0023C197 /* UIKit.framework */ = {isa = PBXFileReference; lastKnownFileType = wrapper.framework; name = UIKit.framework; path = System/Library/Frameworks/UIKit.framework; sourceTree = SDKROOT; };
		403DC704189A158F0023C197 /* VenueMapSearch-Info.plist */ = {isa = PBXFileReference; lastKnownFileType = text.plist.xml; path = "VenueMapSearch-Info.plist"; sourceTree = "<group>"; };
		403DC706189A158F0023C197 /* en */ = {isa = PBXFileReference; lastKnownFileType = text.plist.strings; name = en; path = en.lproj/InfoPlist.strings; sourceTree = "<group>"; };
		403DC708189A158F0023C197 /* main.m */ = {isa = PBXFileReference; lastKnownFileType = sourcecode.c.objc; path = main.m; sourceTree = "<group>"; };
		403DC70A189A158F0023C197 /* VenueMapSearch-Prefix.pch */ = {isa = PBXFileReference; lastKnownFileType = sourcecode.c.h; path = "VenueMapSearch-Prefix.pch"; sourceTree = "<group>"; };
		403DC70B189A158F0023C197 /* RestuarantSearchAppDelegate.h */ = {isa = PBXFileReference; lastKnownFileType = sourcecode.c.h; path = RestuarantSearchAppDelegate.h; sourceTree = "<group>"; };
		403DC70C189A158F0023C197 /* RestuarantSearchAppDelegate.m */ = {isa = PBXFileReference; lastKnownFileType = sourcecode.c.objc; path = RestuarantSearchAppDelegate.m; sourceTree = "<group>"; };
		403DC70F189A158F0023C197 /* Base */ = {isa = PBXFileReference; lastKnownFileType = file.storyboard; name = Base; path = Base.lproj/Main.storyboard; sourceTree = "<group>"; };
		403DC717189A158F0023C197 /* Images.xcassets */ = {isa = PBXFileReference; lastKnownFileType = folder.assetcatalog; path = Images.xcassets; sourceTree = "<group>"; };
		403DC71D189A158F0023C197 /* VenueMapSearchTests.xctest */ = {isa = PBXFileReference; explicitFileType = wrapper.cfbundle; includeInIndex = 0; path = VenueMapSearchTests.xctest; sourceTree = BUILT_PRODUCTS_DIR; };
		403DC71E189A158F0023C197 /* XCTest.framework */ = {isa = PBXFileReference; lastKnownFileType = wrapper.framework; name = XCTest.framework; path = Library/Frameworks/XCTest.framework; sourceTree = DEVELOPER_DIR; };
		403DC726189A158F0023C197 /* VenueMapSearchTests-Info.plist */ = {isa = PBXFileReference; lastKnownFileType = text.plist.xml; path = "VenueMapSearchTests-Info.plist"; sourceTree = "<group>"; };
		403DC728189A158F0023C197 /* en */ = {isa = PBXFileReference; lastKnownFileType = text.plist.strings; name = en; path = en.lproj/InfoPlist.strings; sourceTree = "<group>"; };
		403DC72A189A158F0023C197 /* RestuarantSearchTests.m */ = {isa = PBXFileReference; lastKnownFileType = sourcecode.c.objc; path = RestuarantSearchTests.m; sourceTree = "<group>"; };
		403DC734189A16160023C197 /* COMSMapManager.framework */ = {isa = PBXFileReference; lastKnownFileType = wrapper.framework; path = COMSMapManager.framework; sourceTree = "<group>"; };
		403DC738189A19ED0023C197 /* CoreLocation.framework */ = {isa = PBXFileReference; lastKnownFileType = wrapper.framework; name = CoreLocation.framework; path = System/Library/Frameworks/CoreLocation.framework; sourceTree = SDKROOT; };
		403DC73A189A1AE20023C197 /* MapKit.framework */ = {isa = PBXFileReference; lastKnownFileType = wrapper.framework; name = MapKit.framework; path = System/Library/Frameworks/MapKit.framework; sourceTree = SDKROOT; };
/* End PBXFileReference section */

/* Begin PBXFrameworksBuildPhase section */
		403DC6F6189A158F0023C197 /* Frameworks */ = {
			isa = PBXFrameworksBuildPhase;
			buildActionMask = 2147483647;
			files = (
				403DC73B189A1AE20023C197 /* MapKit.framework in Frameworks */,
				403DC739189A19ED0023C197 /* CoreLocation.framework in Frameworks */,
				403DC6FF189A158F0023C197 /* CoreGraphics.framework in Frameworks */,
				403DC701189A158F0023C197 /* UIKit.framework in Frameworks */,
				403DC6FD189A158F0023C197 /* Foundation.framework in Frameworks */,
				403DC735189A16160023C197 /* COMSMapManager.framework in Frameworks */,
			);
			runOnlyForDeploymentPostprocessing = 0;
		};
		403DC71A189A158F0023C197 /* Frameworks */ = {
			isa = PBXFrameworksBuildPhase;
			buildActionMask = 2147483647;
			files = (
				403DC71F189A158F0023C197 /* XCTest.framework in Frameworks */,
				403DC721189A158F0023C197 /* UIKit.framework in Frameworks */,
				403DC720189A158F0023C197 /* Foundation.framework in Frameworks */,
			);
			runOnlyForDeploymentPostprocessing = 0;
		};
/* End PBXFrameworksBuildPhase section */

/* Begin PBXGroup section */
		403DC6F0189A158F0023C197 = {
			isa = PBXGroup;
			children = (
				403DC702189A158F0023C197 /* RestuarantSearch */,
				403DC724189A158F0023C197 /* RestuarantSearchTests */,
				403DC6FB189A158F0023C197 /* Frameworks */,
				403DC6FA189A158F0023C197 /* Products */,
			);
			sourceTree = "<group>";
		};
		403DC6FA189A158F0023C197 /* Products */ = {
			isa = PBXGroup;
			children = (
				403DC6F9189A158F0023C197 /* VenueMapSearch.app */,
				403DC71D189A158F0023C197 /* VenueMapSearchTests.xctest */,
			);
			name = Products;
			sourceTree = "<group>";
		};
		403DC6FB189A158F0023C197 /* Frameworks */ = {
			isa = PBXGroup;
			children = (
				403DC73A189A1AE20023C197 /* MapKit.framework */,
				403DC738189A19ED0023C197 /* CoreLocation.framework */,
				403DC734189A16160023C197 /* COMSMapManager.framework */,
				403DC6FC189A158F0023C197 /* Foundation.framework */,
				403DC6FE189A158F0023C197 /* CoreGraphics.framework */,
				403DC700189A158F0023C197 /* UIKit.framework */,
				403DC71E189A158F0023C197 /* XCTest.framework */,
			);
			name = Frameworks;
			sourceTree = "<group>";
		};
		403DC702189A158F0023C197 /* RestuarantSearch */ = {
			isa = PBXGroup;
			children = (
				403DC70E189A158F0023C197 /* Main.storyboard */,
				403DC70B189A158F0023C197 /* RestuarantSearchAppDelegate.h */,
				403DC70C189A158F0023C197 /* RestuarantSearchAppDelegate.m */,
				40161954189C54770089C1B9 /* RestaurantSearchMapViewController.h */,
				40161955189C54770089C1B9 /* RestaurantSearchMapViewController.m */,
				40161959189C84F10089C1B9 /* VenueResult.h */,
				4016195A189C84F10089C1B9 /* VenueResult.m */,
				403DC717189A158F0023C197 /* Images.xcassets */,
				403DC703189A158F0023C197 /* Supporting Files */,
			);
			path = RestuarantSearch;
			sourceTree = "<group>";
		};
		403DC703189A158F0023C197 /* Supporting Files */ = {
			isa = PBXGroup;
			children = (
				40161953189C543C0089C1B9 /* Constants.h */,
				403DC704189A158F0023C197 /* VenueMapSearch-Info.plist */,
				403DC705189A158F0023C197 /* InfoPlist.strings */,
				403DC708189A158F0023C197 /* main.m */,
				403DC70A189A158F0023C197 /* VenueMapSearch-Prefix.pch */,
			);
			name = "Supporting Files";
			sourceTree = "<group>";
		};
		403DC724189A158F0023C197 /* RestuarantSearchTests */ = {
			isa = PBXGroup;
			children = (
				403DC72A189A158F0023C197 /* RestuarantSearchTests.m */,
				403DC725189A158F0023C197 /* Supporting Files */,
			);
			path = RestuarantSearchTests;
			sourceTree = "<group>";
		};
		403DC725189A158F0023C197 /* Supporting Files */ = {
			isa = PBXGroup;
			children = (
				403DC726189A158F0023C197 /* VenueMapSearchTests-Info.plist */,
				403DC727189A158F0023C197 /* InfoPlist.strings */,
			);
			name = "Supporting Files";
			sourceTree = "<group>";
		};
/* End PBXGroup section */

/* Begin PBXNativeTarget section */
		403DC6F8189A158F0023C197 /* VenueMapSearch */ = {
			isa = PBXNativeTarget;
			buildConfigurationList = 403DC72E189A158F0023C197 /* Build configuration list for PBXNativeTarget "VenueMapSearch" */;
			buildPhases = (
				403DC6F5189A158F0023C197 /* Sources */,
				403DC6F6189A158F0023C197 /* Frameworks */,
				403DC6F7189A158F0023C197 /* Resources */,
			);
			buildRules = (
			);
			dependencies = (
			);
			name = VenueMapSearch;
			productName = RestuarantSearch;
			productReference = 403DC6F9189A158F0023C197 /* VenueMapSearch.app */;
			productType = "com.apple.product-type.application";
		};
		403DC71C189A158F0023C197 /* VenueMapSearchTests */ = {
			isa = PBXNativeTarget;
			buildConfigurationList = 403DC731189A158F0023C197 /* Build configuration list for PBXNativeTarget "VenueMapSearchTests" */;
			buildPhases = (
				403DC719189A158F0023C197 /* Sources */,
				403DC71A189A158F0023C197 /* Frameworks */,
				403DC71B189A158F0023C197 /* Resources */,
			);
			buildRules = (
			);
			dependencies = (
				403DC723189A158F0023C197 /* PBXTargetDependency */,
			);
			name = VenueMapSearchTests;
			productName = RestuarantSearchTests;
			productReference = 403DC71D189A158F0023C197 /* VenueMapSearchTests.xctest */;
			productType = "com.apple.product-type.bundle.unit-test";
		};
/* End PBXNativeTarget section */

/* Begin PBXProject section */
		403DC6F1189A158F0023C197 /* Project object */ = {
			isa = PBXProject;
			attributes = {
				CLASSPREFIX = RestuarantSearch;
				LastUpgradeCheck = 0500;
				ORGANIZATIONNAME = "Chris D'Angelo";
				TargetAttributes = {
					403DC71C189A158F0023C197 = {
						TestTargetID = 403DC6F8189A158F0023C197;
					};
				};
			};
			buildConfigurationList = 403DC6F4189A158F0023C197 /* Build configuration list for PBXProject "VenueMapSearch" */;
			compatibilityVersion = "Xcode 3.2";
			developmentRegion = English;
			hasScannedForEncodings = 0;
			knownRegions = (
				en,
				Base,
			);
			mainGroup = 403DC6F0189A158F0023C197;
			productRefGroup = 403DC6FA189A158F0023C197 /* Products */;
			projectDirPath = "";
			projectRoot = "";
			targets = (
				403DC6F8189A158F0023C197 /* VenueMapSearch */,
				403DC71C189A158F0023C197 /* VenueMapSearchTests */,
			);
		};
/* End PBXProject section */

/* Begin PBXResourcesBuildPhase section */
		403DC6F7189A158F0023C197 /* Resources */ = {
			isa = PBXResourcesBuildPhase;
			buildActionMask = 2147483647;
			files = (
				403DC718189A158F0023C197 /* Images.xcassets in Resources */,
				403DC707189A158F0023C197 /* InfoPlist.strings in Resources */,
				403DC710189A158F0023C197 /* Main.storyboard in Resources */,
			);
			runOnlyForDeploymentPostprocessing = 0;
		};
		403DC71B189A158F0023C197 /* Resources */ = {
			isa = PBXResourcesBuildPhase;
			buildActionMask = 2147483647;
			files = (
				403DC729189A158F0023C197 /* InfoPlist.strings in Resources */,
			);
			runOnlyForDeploymentPostprocessing = 0;
		};
/* End PBXResourcesBuildPhase section */

/* Begin PBXSourcesBuildPhase section */
		403DC6F5189A158F0023C197 /* Sources */ = {
			isa = PBXSourcesBuildPhase;
			buildActionMask = 2147483647;
			files = (
				40161956189C54770089C1B9 /* RestaurantSearchMapViewController.m in Sources */,
				403DC709189A158F0023C197 /* main.m in Sources */,
				4016195B189C84F10089C1B9 /* VenueResult.m in Sources */,
				403DC70D189A158F0023C197 /* RestuarantSearchAppDelegate.m in Sources */,
			);
			runOnlyForDeploymentPostprocessing = 0;
		};
		403DC719189A158F0023C197 /* Sources */ = {
			isa = PBXSourcesBuildPhase;
			buildActionMask = 2147483647;
			files = (
				403DC72B189A158F0023C197 /* RestuarantSearchTests.m in Sources */,
			);
			runOnlyForDeploymentPostprocessing = 0;
		};
/* End PBXSourcesBuildPhase section */

/* Begin PBXTargetDependency section */
		403DC723189A158F0023C197 /* PBXTargetDependency */ = {
			isa = PBXTargetDependency;
			target = 403DC6F8189A158F0023C197 /* VenueMapSearch */;
			targetProxy = 403DC722189A158F0023C197 /* PBXContainerItemProxy */;
		};
/* End PBXTargetDependency section */

/* Begin PBXVariantGroup section */
		403DC705189A158F0023C197 /* InfoPlist.strings */ = {
			isa = PBXVariantGroup;
			children = (
				403DC706189A158F0023C197 /* en */,
			);
			name = InfoPlist.strings;
			sourceTree = "<group>";
		};
		403DC70E189A158F0023C197 /* Main.storyboard */ = {
			isa = PBXVariantGroup;
			children = (
				403DC70F189A158F0023C197 /* Base */,
			);
			name = Main.storyboard;
			sourceTree = "<group>";
		};
		403DC727189A158F0023C197 /* InfoPlist.strings */ = {
			isa = PBXVariantGroup;
			children = (
				403DC728189A158F0023C197 /* en */,
			);
			name = InfoPlist.strings;
			sourceTree = "<group>";
		};
/* End PBXVariantGroup section */

/* Begin XCBuildConfiguration section */
		403DC72C189A158F0023C197 /* Debug */ = {
			isa = XCBuildConfiguration;
			buildSettings = {
				ALWAYS_SEARCH_USER_PATHS = NO;
				ARCHS = "$(ARCHS_STANDARD_INCLUDING_64_BIT)";
				CLANG_CXX_LANGUAGE_STANDARD = "gnu++0x";
				CLANG_CXX_LIBRARY = "libc++";
				CLANG_ENABLE_MODULES = YES;
				CLANG_ENABLE_OBJC_ARC = YES;
				CLANG_WARN_BOOL_CONVERSION = YES;
				CLANG_WARN_CONSTANT_CONVERSION = YES;
				CLANG_WARN_DIRECT_OBJC_ISA_USAGE = YES_ERROR;
				CLANG_WARN_EMPTY_BODY = YES;
				CLANG_WARN_ENUM_CONVERSION = YES;
				CLANG_WARN_INT_CONVERSION = YES;
				CLANG_WARN_OBJC_ROOT_CLASS = YES_ERROR;
				CLANG_WARN__DUPLICATE_METHOD_MATCH = YES;
				"CODE_SIGN_IDENTITY[sdk=iphoneos*]" = "iPhone Developer";
				COPY_PHASE_STRIP = NO;
				GCC_C_LANGUAGE_STANDARD = gnu99;
				GCC_DYNAMIC_NO_PIC = NO;
				GCC_OPTIMIZATION_LEVEL = 0;
				GCC_PREPROCESSOR_DEFINITIONS = (
					"DEBUG=1",
					"$(inherited)",
				);
				GCC_SYMBOLS_PRIVATE_EXTERN = NO;
				GCC_WARN_64_TO_32_BIT_CONVERSION = YES;
				GCC_WARN_ABOUT_RETURN_TYPE = YES_ERROR;
				GCC_WARN_UNDECLARED_SELECTOR = YES;
				GCC_WARN_UNINITIALIZED_AUTOS = YES;
				GCC_WARN_UNUSED_FUNCTION = YES;
				GCC_WARN_UNUSED_VARIABLE = YES;
				IPHONEOS_DEPLOYMENT_TARGET = 7.0;
				ONLY_ACTIVE_ARCH = YES;
				SDKROOT = iphoneos;
			};
			name = Debug;
		};
		403DC72D189A158F0023C197 /* Release */ = {
			isa = XCBuildConfiguration;
			buildSettings = {
				ALWAYS_SEARCH_USER_PATHS = NO;
				ARCHS = "$(ARCHS_STANDARD_INCLUDING_64_BIT)";
				CLANG_CXX_LANGUAGE_STANDARD = "gnu++0x";
				CLANG_CXX_LIBRARY = "libc++";
				CLANG_ENABLE_MODULES = YES;
				CLANG_ENABLE_OBJC_ARC = YES;
				CLANG_WARN_BOOL_CONVERSION = YES;
				CLANG_WARN_CONSTANT_CONVERSION = YES;
				CLANG_WARN_DIRECT_OBJC_ISA_USAGE = YES_ERROR;
				CLANG_WARN_EMPTY_BODY = YES;
				CLANG_WARN_ENUM_CONVERSION = YES;
				CLANG_WARN_INT_CONVERSION = YES;
				CLANG_WARN_OBJC_ROOT_CLASS = YES_ERROR;
				CLANG_WARN__DUPLICATE_METHOD_MATCH = YES;
				"CODE_SIGN_IDENTITY[sdk=iphoneos*]" = "iPhone Developer";
				COPY_PHASE_STRIP = YES;
				ENABLE_NS_ASSERTIONS = NO;
				GCC_C_LANGUAGE_STANDARD = gnu99;
				GCC_WARN_64_TO_32_BIT_CONVERSION = YES;
				GCC_WARN_ABOUT_RETURN_TYPE = YES_ERROR;
				GCC_WARN_UNDECLARED_SELECTOR = YES;
				GCC_WARN_UNINITIALIZED_AUTOS = YES;
				GCC_WARN_UNUSED_FUNCTION = YES;
				GCC_WARN_UNUSED_VARIABLE = YES;
				IPHONEOS_DEPLOYMENT_TARGET = 7.0;
				SDKROOT = iphoneos;
				VALIDATE_PRODUCT = YES;
			};
			name = Release;
		};
		403DC72F189A158F0023C197 /* Debug */ = {
			isa = XCBuildConfiguration;
			buildSettings = {
				ASSETCATALOG_COMPILER_APPICON_NAME = AppIcon;
				ASSETCATALOG_COMPILER_LAUNCHIMAGE_NAME = LaunchImage;
				FRAMEWORK_SEARCH_PATHS = (
					"$(inherited)",
					"/Users/chrisdangelo/Dropbox/Columbia\\ University/CN&MC/Homework/hw1/RestuarantSearch",
				);
				GCC_PRECOMPILE_PREFIX_HEADER = YES;
				GCC_PREFIX_HEADER = "RestuarantSearch/VenueMapSearch-Prefix.pch";
				INFOPLIST_FILE = "RestuarantSearch/VenueMapSearch-Info.plist";
				PRODUCT_NAME = VenueMapSearch;
				WRAPPER_EXTENSION = app;
			};
			name = Debug;
		};
		403DC730189A158F0023C197 /* Release */ = {
			isa = XCBuildConfiguration;
			buildSettings = {
				ASSETCATALOG_COMPILER_APPICON_NAME = AppIcon;
				ASSETCATALOG_COMPILER_LAUNCHIMAGE_NAME = LaunchImage;
				FRAMEWORK_SEARCH_PATHS = (
					"$(inherited)",
					"/Users/chrisdangelo/Dropbox/Columbia\\ University/CN&MC/Homework/hw1/RestuarantSearch",
				);
				GCC_PRECOMPILE_PREFIX_HEADER = YES;
				GCC_PREFIX_HEADER = "RestuarantSearch/VenueMapSearch-Prefix.pch";
				INFOPLIST_FILE = "RestuarantSearch/VenueMapSearch-Info.plist";
				PRODUCT_NAME = VenueMapSearch;
				WRAPPER_EXTENSION = app;
			};
			name = Release;
		};
		403DC732189A158F0023C197 /* Debug */ = {
			isa = XCBuildConfiguration;
			buildSettings = {
				ARCHS = "$(ARCHS_STANDARD_INCLUDING_64_BIT)";
				BUNDLE_LOADER = "$(BUILT_PRODUCTS_DIR)/RestuarantSearch.app/RestuarantSearch";
				FRAMEWORK_SEARCH_PATHS = (
					"$(SDKROOT)/Developer/Library/Frameworks",
					"$(inherited)",
					"$(DEVELOPER_FRAMEWORKS_DIR)",
				);
				GCC_PRECOMPILE_PREFIX_HEADER = YES;
				GCC_PREFIX_HEADER = "RestuarantSearch/RestuarantSearch-Prefix.pch";
				GCC_PREPROCESSOR_DEFINITIONS = (
					"DEBUG=1",
					"$(inherited)",
				);
				INFOPLIST_FILE = "RestuarantSearchTests/VenueMapSearchTests-Info.plist";
				PRODUCT_NAME = VenueMapSearchTests;
				TEST_HOST = "$(BUNDLE_LOADER)";
				WRAPPER_EXTENSION = xctest;
			};
			name = Debug;
		};
		403DC733189A158F0023C197 /* Release */ = {
			isa = XCBuildConfiguration;
			buildSettings = {
				ARCHS = "$(ARCHS_STANDARD_INCLUDING_64_BIT)";
				BUNDLE_LOADER = "$(BUILT_PRODUCTS_DIR)/RestuarantSearch.app/RestuarantSearch";
				FRAMEWORK_SEARCH_PATHS = (
					"$(SDKROOT)/Developer/Library/Frameworks",
					"$(inherited)",
					"$(DEVELOPER_FRAMEWORKS_DIR)",
				);
				GCC_PRECOMPILE_PREFIX_HEADER = YES;
				GCC_PREFIX_HEADER = "RestuarantSearch/RestuarantSearch-Prefix.pch";
				INFOPLIST_FILE = "RestuarantSearchTests/VenueMapSearchTests-Info.plist";
				PRODUCT_NAME = VenueMapSearchTests;
				TEST_HOST = "$(BUNDLE_LOADER)";
				WRAPPER_EXTENSION = xctest;
			};
			name = Release;
		};
/* End XCBuildConfiguration section */

/* Begin XCConfigurationList section */
		403DC6F4189A158F0023C197 /* Build configuration list for PBXProject "VenueMapSearch" */ = {
			isa = XCConfigurationList;
			buildConfigurations = (
				403DC72C189A158F0023C197 /* Debug */,
				403DC72D189A158F0023C197 /* Release */,
			);
			defaultConfigurationIsVisible = 0;
			defaultConfigurationName = Release;
		};
		403DC72E189A158F0023C197 /* Build configuration list for PBXNativeTarget "VenueMapSearch" */ = {
			isa = XCConfigurationList;
			buildConfigurations = (
				403DC72F189A158F0023C197 /* Debug */,
				403DC730189A158F0023C197 /* Release */,
			);
			defaultConfigurationIsVisible = 0;
			defaultConfigurationName = Release;
		};
		403DC731189A158F0023C197 /* Build configuration list for PBXNativeTarget "VenueMapSearchTests" */ = {
			isa = XCConfigurationList;
			buildConfigurations = (
				403DC732189A158F0023C197 /* Debug */,
				403DC733189A158F0023C197 /* Release */,
			);
			defaultConfigurationIsVisible = 0;
			defaultConfigurationName = Release;
		};
/* End XCConfigurationList section */
	};
	rootObject = 403DC6F1189A158F0023C197 /* Project object */;
}
